<?xml version="1.0" encoding="utf-8"?>
<Project ToolsVersion="4.0" xmlns="http://schemas.microsoft.com/developer/msbuild/2003">
  <ItemGroup>
    <Filter Include="Source Files">
      <UniqueIdentifier>{4FC737F1-C7A5-4376-A066-2A32D752A2FF}</UniqueIdentifier>
      <Extensions>cpp;c;cc;cxx;c++;cppm;ixx;def;odl;idl;hpj;bat;asm;asmx</Extensions>
    </Filter>
    <Filter Include="Header Files">
      <UniqueIdentifier>{93995380-89BD-4b04-88EB-625FBE52EBFB}</UniqueIdentifier>
      <Extensions>h;hh;hpp;hxx;h++;hm;inl;inc;ipp;xsd</Extensions>
    </Filter>
    <Filter Include="Resource Files">
      <UniqueIdentifier>{67DA6AB6-F800-4c08-8B7A-83BB121AAD01}</UniqueIdentifier>
      <Extensions>rc;ico;cur;bmp;dlg;rc2;rct;bin;rgs;gif;jpg;jpeg;jpe;resx;tiff;tif;png;wav;mfcribbon-ms</Extensions>
    </Filter>
  </ItemGroup>
  <ItemGroup>
    <ClCompile Include="src\engine\Application.cpp">
      <Filter>Source Files</Filter>
    </ClCompile>
    <ClCompile Include="src\main.cpp">
      <Filter>Source Files</Filter>
    </ClCompile>
    <ClCompile Include="src\engine\imgui_windows\MenuWindow.cpp">
      <Filter>Source Files</Filter>
    </ClCompile>
    <ClCompile Include="src\engine\imgui_windows\LogWindow.cpp">
      <Filter>Source Files</Filter>
    </ClCompile>
    <ClCompile Include="src\engine\Viewport.cpp">
      <Filter>Source Files</Filter>
    </ClCompile>
    <ClCompile Include="src\engine\scene\Scene.cpp">
      <Filter>Source Files</Filter>
    </ClCompile>
    <ClCompile Include="src\engine\scene\Entity.cpp">
      <Filter>Source Files</Filter>
    </ClCompile>
    <ClCompile Include="src\engine\scene\Transform.cpp">
      <Filter>Source Files</Filter>
    </ClCompile>
    <ClCompile Include="src\engine\resources\Model.cpp">
      <Filter>Source Files</Filter>
    </ClCompile>
    <ClCompile Include="src\engine\resources\Material.cpp">
      <Filter>Source Files</Filter>
    </ClCompile>
    <ClCompile Include="src\engine\resources\load.cpp">
      <Filter>Source Files</Filter>
    </ClCompile>
    <ClCompile Include="src\engine\resources\resources.cpp">
      <Filter>Source Files</Filter>
    </ClCompile>
    <ClCompile Include="src\engine\log.cpp">
      <Filter>Source Files</Filter>
    </ClCompile>
    <ClCompile Include="src\labeeri\Game.cpp">
      <Filter>Source Files</Filter>
    </ClCompile>
    <ClCompile Include="src\labeeri\scenes.cpp">
      <Filter>Source Files</Filter>
    </ClCompile>
    <ClCompile Include="src\pch.cpp">
      <Filter>Source Files</Filter>
    </ClCompile>
    <ClCompile Include="src\engine\Entities.cpp">
      <Filter>Source Files</Filter>
    </ClCompile>
    <ClCompile Include="src\engine\scene\Camera.cpp">
      <Filter>Source Files</Filter>
    </ClCompile>
    <ClCompile Include="src\engine\scene\Movement.cpp">
      <Filter>Source Files</Filter>
    </ClCompile>
  </ItemGroup>
  <ItemGroup>
    <ClInclude Include="src\engine\Application.h">
      <Filter>Header Files</Filter>
    </ClInclude>
    <ClInclude Include="src\engine\log.h">
      <Filter>Header Files</Filter>
    </ClInclude>
    <ClInclude Include="src\engine\imgui_windows\MenuWindow.h">
      <Filter>Header Files</Filter>
    </ClInclude>
    <ClInclude Include="src\engine\imgui_windows\LogWindow.h">
      <Filter>Header Files</Filter>
    </ClInclude>
    <ClInclude Include="src\engine\IRenderable.h">
      <Filter>Header Files</Filter>
    </ClInclude>
    <ClInclude Include="src\engine\Viewport.h">
      <Filter>Header Files</Filter>
    </ClInclude>
    <ClInclude Include="src\engine\scene\Scene.h">
      <Filter>Header Files</Filter>
    </ClInclude>
    <ClInclude Include="src\engine\scene\Entity.h">
      <Filter>Header Files</Filter>
    </ClInclude>
    <ClInclude Include="src\engine\resources\Material.h">
      <Filter>Header Files</Filter>
    </ClInclude>
    <ClInclude Include="src\engine\scene\Transform.h">
      <Filter>Header Files</Filter>
    </ClInclude>
    <ClInclude Include="src\engine\resources\Model.h">
      <Filter>Header Files</Filter>
    </ClInclude>
    <ClInclude Include="src\engine\resources\load.h">
      <Filter>Header Files</Filter>
    </ClInclude>
    <ClInclude Include="src\engine\resources\resources.h">
      <Filter>Header Files</Filter>
    </ClInclude>
    <ClInclude Include="src\labeeri\Game.h">
      <Filter>Header Files</Filter>
    </ClInclude>
    <ClInclude Include="src\labeeri\scenes.h">
      <Filter>Header Files</Filter>
    </ClInclude>
    <ClInclude Include="src\pch.h">
      <Filter>Header Files</Filter>
    </ClInclude>
    <ClInclude Include="src\engine.h">
      <Filter>Header Files</Filter>
    </ClInclude>
    <ClInclude Include="src\engine\Entities.h">
      <Filter>Header Files</Filter>
    </ClInclude>
    <ClInclude Include="src\engine\scene\Camera.h">
      <Filter>Header Files</Filter>
    </ClInclude>
    <ClInclude Include="src\engine\scene\Input.h">
      <Filter>Header Files</Filter>
    </ClInclude>
    <ClInclude Include="src\engine\keys.h">
      <Filter>Header Files</Filter>
    </ClInclude>
    <ClInclude Include="src\engine\scene\Movement.h">
      <Filter>Header Files</Filter>
    </ClInclude>
  </ItemGroup>
  <ItemGroup>
    <None Include="resources\engine\shaders\basic.frag" />
    <None Include="resources\engine\shaders\basic.vert" />
    <None Include="resources\engine\shaders\texture_only.vert" />
    <None Include="resources\engine\shaders\texture_only.frag" />
  </ItemGroup>
</Project>