<?xml version="1.0" encoding="utf-8"?>
<Project ToolsVersion="4.0" xmlns="http://schemas.microsoft.com/developer/msbuild/2003">
  <ItemGroup>
    <Filter Include="Source Files">
      <UniqueIdentifier>{4FC737F1-C7A5-4376-A066-2A32D752A2FF}</UniqueIdentifier>
      <Extensions>cpp;c;cc;cxx;c++;cppm;ixx;def;odl;idl;hpj;bat;asm;asmx</Extensions>
    </Filter>
    <Filter Include="Header Files">
      <UniqueIdentifier>{93995380-89BD-4b04-88EB-625FBE52EBFB}</UniqueIdentifier>
      <Extensions>h;hh;hpp;hxx;h++;hm;inl;inc;ipp;xsd</Extensions>
    </Filter>
    <Filter Include="Resource Files">
      <UniqueIdentifier>{67DA6AB6-F800-4c08-8B7A-83BB121AAD01}</UniqueIdentifier>
      <Extensions>rc;ico;cur;bmp;dlg;rc2;rct;bin;rgs;gif;jpg;jpeg;jpe;resx;tiff;tif;png;wav;mfcribbon-ms</Extensions>
    </Filter>
  </ItemGroup>
  <ItemGroup>
    <ClInclude Include="labeeri\Events\ApplicationEvent.h">
      <Filter>Header Files</Filter>
    </ClInclude>
    <ClInclude Include="labeeri\Events\IEvent.h">
      <Filter>Header Files</Filter>
    </ClInclude>
    <ClInclude Include="labeeri\Events\IEventReceiver.h">
      <Filter>Header Files</Filter>
    </ClInclude>
    <ClInclude Include="labeeri\Events\Input.h">
      <Filter>Header Files</Filter>
    </ClInclude>
    <ClInclude Include="labeeri\Events\KeyboardEvent.h">
      <Filter>Header Files</Filter>
    </ClInclude>
    <ClInclude Include="labeeri\Events\MouseEvent.h">
      <Filter>Header Files</Filter>
    </ClInclude>
    <ClInclude Include="labeeri\Events\SceneEvent.h">
      <Filter>Header Files</Filter>
    </ClInclude>
    <ClInclude Include="labeeri\Renderer\Framebuffer.h">
      <Filter>Header Files</Filter>
    </ClInclude>
    <ClInclude Include="labeeri\Renderer\GLRenderer.h">
      <Filter>Header Files</Filter>
    </ClInclude>
    <ClInclude Include="labeeri\Renderer\ImageResource.h">
      <Filter>Header Files</Filter>
    </ClInclude>
    <ClInclude Include="labeeri\Renderer\IRenderer.h">
      <Filter>Header Files</Filter>
    </ClInclude>
    <ClInclude Include="labeeri\Renderer\Light.h">
      <Filter>Header Files</Filter>
    </ClInclude>
    <ClInclude Include="labeeri\Renderer\MeshResource.h">
      <Filter>Header Files</Filter>
    </ClInclude>
    <ClInclude Include="labeeri\Renderer\RendererParameters.h">
      <Filter>Header Files</Filter>
    </ClInclude>
    <ClInclude Include="labeeri\Renderer\ShaderResource.h">
      <Filter>Header Files</Filter>
    </ClInclude>
    <ClInclude Include="labeeri\Renderer\TextureResource.h">
      <Filter>Header Files</Filter>
    </ClInclude>
    <ClInclude Include="labeeri\Resources\Scripts\FlycamController.h">
      <Filter>Header Files</Filter>
    </ClInclude>
    <ClInclude Include="labeeri\Resources\Scripts\IScript.h">
      <Filter>Header Files</Filter>
    </ClInclude>
    <ClInclude Include="labeeri\Resources\Scripts\PlayerController.h">
      <Filter>Header Files</Filter>
    </ClInclude>
    <ClInclude Include="labeeri\Resources\Load.h">
      <Filter>Header Files</Filter>
    </ClInclude>
    <ClInclude Include="labeeri\Resources\MaterialResource.h">
      <Filter>Header Files</Filter>
    </ClInclude>
    <ClInclude Include="labeeri\Resources\ModelResource.h">
      <Filter>Header Files</Filter>
    </ClInclude>
    <ClInclude Include="labeeri\Resources\Resources.h">
      <Filter>Header Files</Filter>
    </ClInclude>
    <ClInclude Include="labeeri\Scene\Components\Camera.h">
      <Filter>Header Files</Filter>
    </ClInclude>
    <ClInclude Include="labeeri\Scene\Components\Collider.h">
      <Filter>Header Files</Filter>
    </ClInclude>
    <ClInclude Include="labeeri\Scene\Components\Components.h">
      <Filter>Header Files</Filter>
    </ClInclude>
    <ClInclude Include="labeeri\Scene\Components\Light.h">
      <Filter>Header Files</Filter>
    </ClInclude>
    <ClInclude Include="labeeri\Scene\Components\Model.h">
      <Filter>Header Files</Filter>
    </ClInclude>
    <ClInclude Include="labeeri\Scene\Components\RigidBody.h">
      <Filter>Header Files</Filter>
    </ClInclude>
    <ClInclude Include="labeeri\Scene\Components\Transform.h">
      <Filter>Header Files</Filter>
    </ClInclude>
    <ClInclude Include="labeeri\Scene\ECS\Common.h">
      <Filter>Header Files</Filter>
    </ClInclude>
    <ClInclude Include="labeeri\Scene\ECS\ComponentArray.h">
      <Filter>Header Files</Filter>
    </ClInclude>
    <ClInclude Include="labeeri\Scene\ECS\ComponentManager.h">
      <Filter>Header Files</Filter>
    </ClInclude>
    <ClInclude Include="labeeri\Scene\ECS\Entity.h">
      <Filter>Header Files</Filter>
    </ClInclude>
    <ClInclude Include="labeeri\Scene\ECS\EntityManager.h">
      <Filter>Header Files</Filter>
    </ClInclude>
    <ClInclude Include="labeeri\Scene\ECS\Instance.h">
      <Filter>Header Files</Filter>
    </ClInclude>
    <ClInclude Include="labeeri\Scene\ECS\ISystem.h">
      <Filter>Header Files</Filter>
    </ClInclude>
    <ClInclude Include="labeeri\Scene\ECS\SystemManager.h">
      <Filter>Header Files</Filter>
    </ClInclude>
    <ClInclude Include="labeeri\Scene\Systems\CameraSystem.h">
      <Filter>Header Files</Filter>
    </ClInclude>
    <ClInclude Include="labeeri\Scene\Systems\LightSystem.h">
      <Filter>Header Files</Filter>
    </ClInclude>
    <ClInclude Include="labeeri\Scene\Systems\PhysicsSystem.h">
      <Filter>Header Files</Filter>
    </ClInclude>
    <ClInclude Include="labeeri\Scene\Systems\RenderSystem.h">
      <Filter>Header Files</Filter>
    </ClInclude>
    <ClInclude Include="labeeri\Scene\Systems\Systems.h">
      <Filter>Header Files</Filter>
    </ClInclude>
    <ClInclude Include="labeeri\Scene\Scene.h">
      <Filter>Header Files</Filter>
    </ClInclude>
    <ClInclude Include="labeeri\Utils\Engine.h">
      <Filter>Header Files</Filter>
    </ClInclude>
    <ClInclude Include="labeeri\Utils\Log.h">
      <Filter>Header Files</Filter>
    </ClInclude>
    <ClInclude Include="labeeri\Utils\Math.h">
      <Filter>Header Files</Filter>
    </ClInclude>
    <ClInclude Include="labeeri\Utils\Ptr.h">
      <Filter>Header Files</Filter>
    </ClInclude>
    <ClInclude Include="labeeri\Utils\Random.h">
      <Filter>Header Files</Filter>
    </ClInclude>
    <ClInclude Include="labeeri\Utils\Scalars.h">
      <Filter>Header Files</Filter>
    </ClInclude>
    <ClInclude Include="labeeri\Window\GLFWWindow.h">
      <Filter>Header Files</Filter>
    </ClInclude>
    <ClInclude Include="labeeri\Window\IWindow.h">
      <Filter>Header Files</Filter>
    </ClInclude>
    <ClInclude Include="labeeri\WindowLayer\ImGuiWindow\EntityWindow.h">
      <Filter>Header Files</Filter>
    </ClInclude>
    <ClInclude Include="labeeri\WindowLayer\ImGuiWindow\HelpWindow.h">
      <Filter>Header Files</Filter>
    </ClInclude>
    <ClInclude Include="labeeri\WindowLayer\ImGuiWindow\IImGuiWindow.h">
      <Filter>Header Files</Filter>
    </ClInclude>
    <ClInclude Include="labeeri\WindowLayer\ImGuiWindow\LogWindow.h">
      <Filter>Header Files</Filter>
    </ClInclude>
    <ClInclude Include="labeeri\WindowLayer\ImGuiWindow\MenuWindow.h">
      <Filter>Header Files</Filter>
    </ClInclude>
    <ClInclude Include="labeeri\WindowLayer\ImGuiLayer.h">
      <Filter>Header Files</Filter>
    </ClInclude>
    <ClInclude Include="labeeri\WindowLayer\IWindowLayer.h">
      <Filter>Header Files</Filter>
    </ClInclude>
    <ClInclude Include="labeeri\WindowLayer\SceneLayer.h">
      <Filter>Header Files</Filter>
    </ClInclude>
    <ClInclude Include="labeeri\WindowLayer\ViewportLayer.h">
      <Filter>Header Files</Filter>
    </ClInclude>
    <ClInclude Include="labeeri\labeeri.h">
      <Filter>Header Files</Filter>
    </ClInclude>
    <ClInclude Include="labeeri\Application.h">
      <Filter>Header Files</Filter>
    </ClInclude>
    <ClInclude Include="labeeri\Entities.h">
      <Filter>Header Files</Filter>
    </ClInclude>
    <ClInclude Include="labeeri\pch.h">
      <Filter>Header Files</Filter>
    </ClInclude>
    <ClInclude Include="labeeri\Scenes.h">
      <Filter>Header Files</Filter>
    </ClInclude>
    <ClInclude Include="labeeri\Utils\imgui.h">
      <Filter>Header Files</Filter>
    </ClInclude>
  </ItemGroup>
  <ItemGroup>
    <ClCompile Include="labeeri\Renderer\Framebuffer.cpp">
      <Filter>Source Files</Filter>
    </ClCompile>
    <ClCompile Include="labeeri\Renderer\GLRenderer.cpp">
      <Filter>Source Files</Filter>
    </ClCompile>
    <ClCompile Include="labeeri\Renderer\MeshResource.cpp">
      <Filter>Source Files</Filter>
    </ClCompile>
    <ClCompile Include="labeeri\Renderer\ShaderResource.cpp">
      <Filter>Source Files</Filter>
    </ClCompile>
    <ClCompile Include="labeeri\Renderer\TextureResource.cpp">
      <Filter>Source Files</Filter>
    </ClCompile>
    <ClCompile Include="labeeri\Resources\Scripts\FlycamController.cpp">
      <Filter>Source Files</Filter>
    </ClCompile>
    <ClCompile Include="labeeri\Resources\Scripts\PlayerController.cpp">
      <Filter>Source Files</Filter>
    </ClCompile>
    <ClCompile Include="labeeri\Resources\Load.cpp">
      <Filter>Source Files</Filter>
    </ClCompile>
    <ClCompile Include="labeeri\Resources\MaterialResource.cpp">
      <Filter>Source Files</Filter>
    </ClCompile>
    <ClCompile Include="labeeri\Resources\Resources.cpp">
      <Filter>Source Files</Filter>
    </ClCompile>
    <ClCompile Include="labeeri\Scene\ECS\Entity.cpp">
      <Filter>Source Files</Filter>
    </ClCompile>
    <ClCompile Include="labeeri\Scene\Systems\CameraSystem.cpp">
      <Filter>Source Files</Filter>
    </ClCompile>
    <ClCompile Include="labeeri\Scene\Systems\LightSystem.cpp">
      <Filter>Source Files</Filter>
    </ClCompile>
    <ClCompile Include="labeeri\Scene\Systems\PhysicsSystem.cpp">
      <Filter>Source Files</Filter>
    </ClCompile>
    <ClCompile Include="labeeri\Scene\Systems\RenderSystem.cpp">
      <Filter>Source Files</Filter>
    </ClCompile>
    <ClCompile Include="labeeri\Scene\Scene.cpp">
      <Filter>Source Files</Filter>
    </ClCompile>
    <ClCompile Include="labeeri\Window\GLFWWindow.cpp">
      <Filter>Source Files</Filter>
    </ClCompile>
    <ClCompile Include="labeeri\WindowLayer\ImGuiWindow\EntityWindow.cpp">
      <Filter>Source Files</Filter>
    </ClCompile>
    <ClCompile Include="labeeri\WindowLayer\ImGuiWindow\HelpWindow.cpp">
      <Filter>Source Files</Filter>
    </ClCompile>
    <ClCompile Include="labeeri\WindowLayer\ImGuiWindow\LogWindow.cpp">
      <Filter>Source Files</Filter>
    </ClCompile>
    <ClCompile Include="labeeri\WindowLayer\ImGuiWindow\MenuWindow.cpp">
      <Filter>Source Files</Filter>
    </ClCompile>
    <ClCompile Include="labeeri\WindowLayer\ImGuiLayer.cpp">
      <Filter>Source Files</Filter>
    </ClCompile>
    <ClCompile Include="labeeri\WindowLayer\SceneLayer.cpp">
      <Filter>Source Files</Filter>
    </ClCompile>
    <ClCompile Include="labeeri\WindowLayer\ViewportLayer.cpp">
      <Filter>Source Files</Filter>
    </ClCompile>
    <ClCompile Include="labeeri\Application.cpp">
      <Filter>Source Files</Filter>
    </ClCompile>
    <ClCompile Include="labeeri\Entities.cpp">
      <Filter>Source Files</Filter>
    </ClCompile>
    <ClCompile Include="labeeri\pch.cpp">
      <Filter>Source Files</Filter>
    </ClCompile>
    <ClCompile Include="labeeri\Scenes.cpp">
      <Filter>Source Files</Filter>
    </ClCompile>
  </ItemGroup>
</Project>